# This file is automatically @generated by Cargo.
# It is not intended for manual editing.
version = 3

[[package]]
name = "blogrb"
version = "0.1.0"

[[package]]
name = "blogrb-api"
version = "0.1.0"

[[package]]
name = "blogrb-build"
version = "0.1.0"

[[package]]
name = "blogrb-core"
version = "0.1.0"
